<Solution>
  <Folder Name="/examples/" />
  <Folder Name="/examples/dotnet-quickstart/">
    <Project Path="examples/dotnet-quickstart/Quickstart.csproj" />
  </Folder>
  <Folder Name="/sdk/" />
  <Folder Name="/sdk/dotnet/">
    <Project Path="sdk/dotnet/Cortadel.Sdk.Conformance/Cortadel.Sdk.Conformance.csproj" />
    <Project Path="sdk/dotnet/Cortadel.Sdk.Tests/Cortadel.Sdk.Tests.csproj" />
    <Project Path="sdk/dotnet/Cortadel.Sdk/Cortadel.Sdk.csproj" />
  </Folder>
</Solution>
